
Microsoft Visual Studio Solution File, Format Version 12.00
# Visual Studio Version 16
VisualStudioVersion = 16.0.31613.86
MinimumVisualStudioVersion = 10.0.40219.1
Project("{FAE04EC0-301F-11D3-BF4B-00C04F79EFBC}") = "Demos3Q5_C08_UI", "Demos3Q5_C08_UI\Demos3Q5_C08_UI.csproj", "{BC8B89D5-4F16-4C29-86E2-EFDEB8A43662}"
EndProject
Global
	GlobalSection(SolutionConfigurationPlatforms) = preSolution
		Debug|Any CPU = Debug|Any CPU
		Release|Any CPU = Release|Any CPU
	EndGlobalSection
	GlobalSection(ProjectConfigurationPlatforms) = postSolution
		{BC8B89D5-4F16-4C29-86E2-EFDEB8A43662}.Debug|Any CPU.ActiveCfg = Debug|Any CPU
		{BC8B89D5-4F16-4C29-86E2-EFDEB8A43662}.Debug|Any CPU.Build.0 = Debug|Any CPU
		{BC8B89D5-4F16-4C29-86E2-EFDEB8A43662}.Release|Any CPU.ActiveCfg = Release|Any CPU
		{BC8B89D5-4F16-4C29-86E2-EFDEB8A43662}.Release|Any CPU.Build.0 = Release|Any CPU
	EndGlobalSection
	GlobalSection(SolutionProperties) = preSolution
		HideSolutionNode = FALSE
	EndGlobalSection
	GlobalSection(ExtensibilityGlobals) = postSolution
		SolutionGuid = {6507D6D6-477C-45AB-A497-0E82AF388587}
	EndGlobalSection
EndGlobal
